
Microsoft Visual Studio Solution File, Format Version 12.00
# Visual Studio Version 17
VisualStudioVersion = 17.10.35122.118
MinimumVisualStudioVersion = 10.0.40219.1
Project("{8BC9CEB8-8B4A-11D0-8D11-00A0C91BC942}") = "LAS", "LAS\LAS.vcxproj", "{886936B8-F314-4A7A-915A-C1138AF46B83}"
EndProject
Project("{8BC9CEB8-8B4A-11D0-8D11-00A0C91BC942}") = "test1", "test1\test1.vcxproj", "{E7A84F5C-3F68-4EF9-9E24-AE88724D98F0}"
	ProjectSection(ProjectDependencies) = postProject
		{886936B8-F314-4A7A-915A-C1138AF46B83} = {886936B8-F314-4A7A-915A-C1138AF46B83}
	EndProjectSection
EndProject
Global
	GlobalSection(SolutionConfigurationPlatforms) = preSolution
		Debug|Win32 = Debug|Win32
		Debug|x64 = Debug|x64
		Release|Win32 = Release|Win32
		Release|x64 = Release|x64
	EndGlobalSection
	GlobalSection(ProjectConfigurationPlatforms) = postSolution
		{886936B8-F314-4A7A-915A-C1138AF46B83}.Debug|Win32.ActiveCfg = Debug|Win32
		{886936B8-F314-4A7A-915A-C1138AF46B83}.Debug|Win32.Build.0 = Debug|Win32
		{886936B8-F314-4A7A-915A-C1138AF46B83}.Debug|x64.ActiveCfg = Debug|Win32
		{886936B8-F314-4A7A-915A-C1138AF46B83}.Debug|x64.Build.0 = Debug|Win32
		{886936B8-F314-4A7A-915A-C1138AF46B83}.Release|Win32.ActiveCfg = Release|Win32
		{886936B8-F314-4A7A-915A-C1138AF46B83}.Release|Win32.Build.0 = Release|Win32
		{886936B8-F314-4A7A-915A-C1138AF46B83}.Release|x64.ActiveCfg = Release|Win32
		{886936B8-F314-4A7A-915A-C1138AF46B83}.Release|x64.Build.0 = Release|Win32
		{E7A84F5C-3F68-4EF9-9E24-AE88724D98F0}.Debug|Win32.ActiveCfg = Debug|Win32
		{E7A84F5C-3F68-4EF9-9E24-AE88724D98F0}.Debug|Win32.Build.0 = Debug|Win32
		{E7A84F5C-3F68-4EF9-9E24-AE88724D98F0}.Debug|x64.ActiveCfg = Debug|x64
		{E7A84F5C-3F68-4EF9-9E24-AE88724D98F0}.Debug|x64.Build.0 = Debug|x64
		{E7A84F5C-3F68-4EF9-9E24-AE88724D98F0}.Release|Win32.ActiveCfg = Release|Win32
		{E7A84F5C-3F68-4EF9-9E24-AE88724D98F0}.Release|Win32.Build.0 = Release|Win32
		{E7A84F5C-3F68-4EF9-9E24-AE88724D98F0}.Release|x64.ActiveCfg = Release|x64
		{E7A84F5C-3F68-4EF9-9E24-AE88724D98F0}.Release|x64.Build.0 = Release|x64
	EndGlobalSection
	GlobalSection(SolutionProperties) = preSolution
		HideSolutionNode = FALSE
	EndGlobalSection
	GlobalSection(ExtensibilityGlobals) = postSolution
		SolutionGuid = {F7CAE430-3E76-4385-95C3-5E93AD90252A}
	EndGlobalSection
EndGlobal
